# This file is automatically @generated by Cargo.
# It is not intended for manual editing.
version = 4

[[package]]
name = "reovim-arch"
version = "0.16.0-dev"
dependencies = [
 "reovim-arch-sys-linux-aarch64",
 "reovim-arch-sys-linux-x86-64",
 "reovim-arch-sys-none-aarch64",
 "reovim-arch-sys-none-x86-64",
 "reovim-kabi-panic",
 "reovim-kabi-platform",
 "reovim-lib-ds",
 "reovim-testrt",
 "reovim-uapi-panic",
 "reovim-uapi-posix",
]

[[package]]
name = "reovim-arch-floor-linux-aarch64"
version = "0.16.0-dev"
dependencies = [
 "reovim-arch-sys-linux-aarch64",
 "reovim-kabi-panic",
 "reovim-uapi-panic",
]

[[package]]
name = "reovim-arch-floor-linux-x86-64"
version = "0.16.0-dev"
dependencies = [
 "reovim-arch-sys-linux-x86-64",
 "reovim-kabi-panic",
 "reovim-uapi-panic",
]

[[package]]
name = "reovim-arch-sys-linux-aarch64"
version = "0.16.0-dev"
dependencies = [
 "reovim-testrt",
]

[[package]]
name = "reovim-arch-sys-linux-x86-64"
version = "0.16.0-dev"
dependencies = [
 "reovim-testrt",
]

[[package]]
name = "reovim-arch-sys-none-aarch64"
version = "0.16.0-dev"
dependencies = [
 "reovim-kabi-platform",
 "reovim-testrt",
]

[[package]]
name = "reovim-arch-sys-none-x86-64"
version = "0.16.0-dev"
dependencies = [
 "reovim-kabi-platform",
 "reovim-testrt",
]

[[package]]
name = "reovim-domain-text"
version = "0.16.0-dev"
dependencies = [
 "reovim-arch",
 "reovim-lib-ds",
 "reovim-subsys-domain",
]

[[package]]
name = "reovim-kabi-panic"
version = "0.16.0-dev"
dependencies = [
 "reovim-uapi-panic",
]

[[package]]
name = "reovim-kabi-platform"
version = "0.16.0-dev"
dependencies = [
 "reovim-uapi-posix",
]

[[package]]
name = "reovim-kernel"
version = "0.16.0-dev"
dependencies = [
 "reovim-arch",
 "reovim-kabi-platform",
 "reovim-lib-ds",
 "reovim-subsys-domain",
 "reovim-uapi-abi",
]

[[package]]
name = "reovim-lib-ds"
version = "0.16.0-dev"
dependencies = [
 "reovim-kabi-platform",
 "reovim-uapi-posix",
]

[[package]]
name = "reovim-platform-linux-native"
version = "0.16.0-dev"
dependencies = [
 "reovim-arch",
 "reovim-kabi-platform",
 "reovim-uapi-posix",
]

[[package]]
name = "reovim-server-rt"
version = "0.16.0-dev"
dependencies = [
 "reovim-arch",
 "reovim-kernel",
 "reovim-lib-ds",
 "reovim-subsys-domain",
 "reovim-uapi-abi",
 "reovim-uapi-protocol",
]

[[package]]
name = "reovim-subsys-domain"
version = "0.16.0-dev"
dependencies = [
 "reovim-arch",
 "reovim-kabi-platform",
 "reovim-lib-ds",
]

[[package]]
name = "reovim-testrt"
version = "0.16.0-dev"

[[package]]
name = "reovim-uapi-abi"
version = "0.16.0-dev"

[[package]]
name = "reovim-uapi-panic"
version = "0.16.0-dev"

[[package]]
name = "reovim-uapi-posix"
version = "0.16.0-dev"

[[package]]
name = "reovim-uapi-protocol"
version = "0.16.0-dev"
dependencies = [
 "reovim-uapi-abi",
]

[[package]]
name = "server-selftest"
version = "0.16.0-dev"
dependencies = [
 "reovim-arch",
 "reovim-arch-floor-linux-aarch64",
 "reovim-arch-floor-linux-x86-64",
 "reovim-domain-text",
 "reovim-kernel",
 "reovim-lib-ds",
 "reovim-platform-linux-native",
 "reovim-server-rt",
 "reovim-subsys-domain",
 "reovim-uapi-abi",
 "reovim-uapi-protocol",
]
