# This file is automatically @generated by Cargo.
# It is not intended for manual editing.
version = 4

[[package]]
name = "arch-fixture-net-smoke"
version = "0.16.0-dev"
dependencies = [
 "reovim-arch",
]

[[package]]
name = "arch-fixture-panic-ab13"
version = "0.16.0-dev"
dependencies = [
 "reovim-arch",
]

[[package]]
name = "arch-fixture-panic-halt"
version = "0.16.0-dev"
dependencies = [
 "reovim-arch",
]

[[package]]
name = "arch-fixture-panic-recover"
version = "0.16.0-dev"
dependencies = [
 "reovim-arch",
]

[[package]]
name = "arch-fixture-smoke"
version = "0.16.0-dev"
dependencies = [
 "reovim-arch",
 "reovim-lib-ds",
]

[[package]]
name = "arch-selftest"
version = "0.16.0-dev"
dependencies = [
 "reovim-arch",
]

[[package]]
name = "arch-splash"
version = "0.16.0-dev"
dependencies = [
 "reovim-arch",
]

[[package]]
name = "reovim-arch"
version = "0.16.0-dev"
dependencies = [
 "reovim-kabi-panic",
 "reovim-kabi-platform",
 "reovim-lib-ds",
 "reovim-uapi-panic",
 "reovim-uapi-posix",
]

[[package]]
name = "reovim-kabi-panic"
version = "0.16.0-dev"
dependencies = [
 "reovim-uapi-panic",
]

[[package]]
name = "reovim-kabi-platform"
version = "0.16.0-dev"
dependencies = [
 "reovim-uapi-posix",
]

[[package]]
name = "reovim-lib-ds"
version = "0.16.0-dev"
dependencies = [
 "reovim-kabi-platform",
 "reovim-uapi-posix",
]

[[package]]
name = "reovim-uapi-abi"
version = "0.16.0-dev"

[[package]]
name = "reovim-uapi-driver-macros"
version = "0.16.0-dev"

[[package]]
name = "reovim-uapi-module-macros"
version = "0.16.0-dev"

[[package]]
name = "reovim-uapi-panic"
version = "0.16.0-dev"

[[package]]
name = "reovim-uapi-posix"
version = "0.16.0-dev"

[[package]]
name = "reovim-uapi-protocol"
version = "0.16.0-dev"
dependencies = [
 "reovim-uapi-abi",
]

[[package]]
name = "uapi-selftest"
version = "0.16.0-dev"
dependencies = [
 "reovim-arch",
 "reovim-uapi-abi",
 "reovim-uapi-driver-macros",
 "reovim-uapi-module-macros",
 "reovim-uapi-protocol",
]
