# This file is automatically @generated by Cargo.
# It is not intended for manual editing.
version = 4

[[package]]
name = "arch-bootcore"
version = "0.16.0-dev"
dependencies = [
 "reovim-arch",
 "reovim-arch-floor-linux-aarch64",
 "reovim-arch-floor-linux-x86-64",
 "reovim-arch-floor-none-aarch64",
 "reovim-arch-floor-none-x86-64",
 "reovim-kernel",
 "reovim-platform-linux-native",
 "reovim-system-kernel",
]

[[package]]
name = "arch-fixture-net-smoke"
version = "0.16.0-dev"
dependencies = [
 "reovim-arch",
 "reovim-arch-floor-linux-aarch64",
 "reovim-arch-floor-linux-x86-64",
 "reovim-platform-linux-native",
]

[[package]]
name = "arch-fixture-panic-ab13"
version = "0.16.0-dev"
dependencies = [
 "reovim-arch",
 "reovim-arch-floor-linux-aarch64",
 "reovim-arch-floor-linux-x86-64",
]

[[package]]
name = "arch-fixture-panic-halt"
version = "0.16.0-dev"
dependencies = [
 "reovim-arch",
 "reovim-arch-floor-linux-aarch64",
 "reovim-arch-floor-linux-x86-64",
]

[[package]]
name = "arch-fixture-panic-recover"
version = "0.16.0-dev"
dependencies = [
 "reovim-arch",
 "reovim-arch-floor-linux-aarch64",
 "reovim-arch-floor-linux-x86-64",
]

[[package]]
name = "arch-fixture-smoke"
version = "0.16.0-dev"
dependencies = [
 "reovim-arch",
 "reovim-arch-floor-linux-aarch64",
 "reovim-arch-floor-linux-x86-64",
 "reovim-lib-ds",
 "reovim-platform-linux-native",
]

[[package]]
name = "arch-selftest"
version = "0.16.0-dev"
dependencies = [
 "reovim-arch",
 "reovim-arch-floor-linux-aarch64",
 "reovim-arch-floor-linux-x86-64",
 "reovim-arch-floor-none-aarch64",
 "reovim-arch-floor-none-x86-64",
 "reovim-platform-linux-native",
 "reovim-platform-stub-none",
 "reovim-system-kernel",
]

[[package]]
name = "arch-splash"
version = "0.16.0-dev"
dependencies = [
 "reovim-arch",
 "reovim-arch-floor-none-aarch64",
 "reovim-system-kernel",
]

[[package]]
name = "reovim-arch"
version = "0.16.0-dev"
dependencies = [
 "reovim-arch-sys-linux-aarch64",
 "reovim-arch-sys-linux-x86-64",
 "reovim-arch-sys-none-aarch64",
 "reovim-arch-sys-none-x86-64",
 "reovim-kabi-panic",
 "reovim-kabi-platform",
 "reovim-lib-ds",
 "reovim-testrt",
 "reovim-uapi-panic",
 "reovim-uapi-posix",
]

[[package]]
name = "reovim-arch-floor-linux-aarch64"
version = "0.16.0-dev"
dependencies = [
 "reovim-arch-sys-linux-aarch64",
 "reovim-kabi-panic",
 "reovim-uapi-panic",
]

[[package]]
name = "reovim-arch-floor-linux-x86-64"
version = "0.16.0-dev"
dependencies = [
 "reovim-arch-sys-linux-x86-64",
 "reovim-kabi-panic",
 "reovim-uapi-panic",
]

[[package]]
name = "reovim-arch-floor-none-aarch64"
version = "0.16.0-dev"
dependencies = [
 "reovim-arch-sys-none-aarch64",
 "reovim-kabi-panic",
 "reovim-uapi-panic",
]

[[package]]
name = "reovim-arch-floor-none-x86-64"
version = "0.16.0-dev"
dependencies = [
 "reovim-arch-sys-none-x86-64",
 "reovim-kabi-panic",
 "reovim-uapi-panic",
]

[[package]]
name = "reovim-arch-sys-linux-aarch64"
version = "0.16.0-dev"
dependencies = [
 "reovim-testrt",
]

[[package]]
name = "reovim-arch-sys-linux-x86-64"
version = "0.16.0-dev"
dependencies = [
 "reovim-testrt",
]

[[package]]
name = "reovim-arch-sys-none-aarch64"
version = "0.16.0-dev"
dependencies = [
 "reovim-kabi-platform",
 "reovim-testrt",
]

[[package]]
name = "reovim-arch-sys-none-x86-64"
version = "0.16.0-dev"
dependencies = [
 "reovim-testrt",
]

[[package]]
name = "reovim-kabi-panic"
version = "0.16.0-dev"
dependencies = [
 "reovim-uapi-panic",
]

[[package]]
name = "reovim-kabi-platform"
version = "0.16.0-dev"
dependencies = [
 "reovim-uapi-posix",
]

[[package]]
name = "reovim-kernel"
version = "0.16.0-dev"
dependencies = [
 "reovim-kabi-panic",
 "reovim-kabi-platform",
 "reovim-lib-ds",
 "reovim-subsys-domain",
 "reovim-uapi-abi",
]

[[package]]
name = "reovim-lib-ds"
version = "0.16.0-dev"
dependencies = [
 "reovim-kabi-platform",
 "reovim-uapi-posix",
]

[[package]]
name = "reovim-platform-linux-native"
version = "0.16.0-dev"
dependencies = [
 "reovim-arch",
 "reovim-kabi-platform",
 "reovim-uapi-posix",
]

[[package]]
name = "reovim-platform-stub-none"
version = "0.16.0-dev"
dependencies = [
 "reovim-arch",
 "reovim-kabi-platform",
 "reovim-uapi-posix",
]

[[package]]
name = "reovim-subsys-domain"
version = "0.16.0-dev"
dependencies = [
 "reovim-kabi-platform",
 "reovim-lib-ds",
]

[[package]]
name = "reovim-system-kernel"
version = "0.16.0-dev"
dependencies = [
 "reovim-arch-sys-none-aarch64",
 "reovim-arch-sys-none-x86-64",
 "reovim-kabi-platform",
 "reovim-testrt",
 "reovim-uapi-posix",
]

[[package]]
name = "reovim-testrt"
version = "0.16.0-dev"

[[package]]
name = "reovim-uapi-abi"
version = "0.16.0-dev"

[[package]]
name = "reovim-uapi-driver-macros"
version = "0.16.0-dev"

[[package]]
name = "reovim-uapi-module-macros"
version = "0.16.0-dev"

[[package]]
name = "reovim-uapi-panic"
version = "0.16.0-dev"

[[package]]
name = "reovim-uapi-posix"
version = "0.16.0-dev"

[[package]]
name = "reovim-uapi-protocol"
version = "0.16.0-dev"
dependencies = [
 "reovim-uapi-abi",
]

[[package]]
name = "uapi-selftest"
version = "0.16.0-dev"
dependencies = [
 "reovim-arch",
 "reovim-arch-floor-linux-aarch64",
 "reovim-arch-floor-linux-x86-64",
 "reovim-platform-linux-native",
 "reovim-uapi-abi",
 "reovim-uapi-driver-macros",
 "reovim-uapi-module-macros",
 "reovim-uapi-protocol",
]
