# This file is automatically @generated by Cargo.
# It is not intended for manual editing.
version = 4

[[package]]
name = "reovim"
version = "0.16.0-dev"
dependencies = [
 "reovim-arch",
 "reovim-domain-text",
 "reovim-kernel",
 "reovim-platform-tui",
 "reovim-server-rt",
 "reovim-uapi-abi",
]

[[package]]
name = "reovim-arch"
version = "0.16.0-dev"

[[package]]
name = "reovim-domain-text"
version = "0.16.0-dev"
dependencies = [
 "reovim-arch",
 "reovim-subsys-domain",
]

[[package]]
name = "reovim-kernel"
version = "0.16.0-dev"
dependencies = [
 "reovim-arch",
 "reovim-subsys-domain",
 "reovim-uapi-abi",
]

[[package]]
name = "reovim-platform-tui"
version = "0.16.0-dev"
dependencies = [
 "reovim-arch",
 "reovim-uapi-abi",
 "reovim-uapi-protocol",
]

[[package]]
name = "reovim-server"
version = "0.16.0-dev"
dependencies = [
 "reovim-arch",
 "reovim-domain-text",
 "reovim-kernel",
 "reovim-server-rt",
 "reovim-uapi-abi",
]

[[package]]
name = "reovim-server-rt"
version = "0.16.0-dev"
dependencies = [
 "reovim-arch",
 "reovim-kernel",
 "reovim-subsys-domain",
 "reovim-uapi-abi",
 "reovim-uapi-protocol",
]

[[package]]
name = "reovim-subsys-domain"
version = "0.16.0-dev"
dependencies = [
 "reovim-arch",
]

[[package]]
name = "reovim-uapi-abi"
version = "0.16.0-dev"

[[package]]
name = "reovim-uapi-protocol"
version = "0.16.0-dev"
dependencies = [
 "reovim-uapi-abi",
]
