# This file is automatically @generated by Cargo.
# It is not intended for manual editing.
version = 4

[[package]]
name = "kernel-panic-halt"
version = "0.16.0-dev"
dependencies = [
 "reovim-arch",
 "reovim-kernel",
]

[[package]]
name = "kernel-panic-recover"
version = "0.16.0-dev"
dependencies = [
 "reovim-arch",
 "reovim-kernel",
]

[[package]]
name = "kernel-selftest"
version = "0.16.0-dev"
dependencies = [
 "reovim-arch",
 "reovim-kernel",
]

[[package]]
name = "reovim-arch"
version = "0.16.0-dev"

[[package]]
name = "reovim-kernel"
version = "0.16.0-dev"
dependencies = [
 "reovim-arch",
 "reovim-uapi-abi",
]

[[package]]
name = "reovim-uapi-abi"
version = "0.16.0-dev"
