version = 1

[[package]]
name = "core-kit"
version = "2.0.0"

[package.source]
kind = "local-path"
path = "/local/core-kit-2.0.0"

[[package]]
name = "git-tools"
version = "1.2.0"
dependencies = ["core-kit"]

[package.source]
kind = "local-path"
path = "/local/git-tools-1.2.0"

[[package]]
name = "theme-solar"
version = "0.3.0"
dependencies = ["core-kit", "git-tools"]

[package.source]
kind = "local-path"
path = "/local/theme-solar-0.3.0"
